
Microsoft Visual Studio Solution File, Format Version 12.00
# Visual Studio Version 16
VisualStudioVersion = 16.0.29324.140
MinimumVisualStudioVersion = 10.0.40219.1
Project("{FAE04EC0-301F-11D3-BF4B-00C04F79EFBC}") = "DataCurveSeer", "DataCurveSeer\DataCurveSeer.csproj", "{5BD54FA0-EF98-43C4-889B-5CCAD8A72FB9}"
EndProject
Project("{FAE04EC0-301F-11D3-BF4B-00C04F79EFBC}") = "DataCurveSeer.MainPlugin", "DataCurveSeer.MainPlugin\DataCurveSeer.MainPlugin.csproj", "{4BA9E41F-4ACB-445F-A7B4-87DC11FC04AC}"
EndProject
Project("{FAE04EC0-301F-11D3-BF4B-00C04F79EFBC}") = "DataCurveSeer.Common", "DataCurveSeer.Common\DataCurveSeer.Common.csproj", "{9E86B269-D735-495A-808E-911DAB6A38A5}"
EndProject
Project("{FAE04EC0-301F-11D3-BF4B-00C04F79EFBC}") = "DataCurveSeer.Storage", "DataCurveSeer.Storage\DataCurveSeer.Storage.csproj", "{261C7A4B-3FE6-4D30-8D9E-DF187701312F}"
EndProject
Project("{FAE04EC0-301F-11D3-BF4B-00C04F79EFBC}") = "DataCurveSeer.Logging", "DataCurveSeer.Logging\DataCurveSeer.Logging.csproj", "{773BD3F5-FFF7-4100-8F45-61781515C0FB}"
EndProject
Project("{FAE04EC0-301F-11D3-BF4B-00C04F79EFBC}") = "DataCurveSeer.Config", "DataCurveSeer.Config\DataCurveSeer.Config.csproj", "{6D67CCEA-282F-4159-BC73-04E2F7512B17}"
EndProject
Project("{FAE04EC0-301F-11D3-BF4B-00C04F79EFBC}") = "DataCurveSeer.TriggerHandling", "DataCurveSeer.TriggerHandling\DataCurveSeer.TriggerHandling.csproj", "{2B46A025-BB23-4F14-AAD9-419987ECCCF7}"
EndProject
Project("{FAE04EC0-301F-11D3-BF4B-00C04F79EFBC}") = "DataCurveSeer.HomeSeerHandling", "DataCurveSeer.HomeSeerHandling\DataCurveSeer.HomeSeerHandling.csproj", "{D3701F6F-77A3-4572-B0D9-06B14B47A1F3}"
EndProject
Project("{FAE04EC0-301F-11D3-BF4B-00C04F79EFBC}") = "DataCurveSeer.DataCurveComputation", "DataCurveSeer.DataCurveComputation\DataCurveSeer.DataCurveComputation.csproj", "{BCB2334A-2ECC-4897-8A77-231448B1691A}"
EndProject
Project("{2150E333-8FDC-42A3-9474-1A3956D46DE8}") = "Tests", "Tests", "{B19BB4B1-F4B8-42B5-BBED-EFCC3969036A}"
EndProject
Project("{FAE04EC0-301F-11D3-BF4B-00C04F79EFBC}") = "IntegrationTests", "IntegrationTests\IntegrationTests.csproj", "{FD7DB568-2026-4F22-B501-F9006DBD5490}"
EndProject
Project("{FAE04EC0-301F-11D3-BF4B-00C04F79EFBC}") = "UnitTests", "tests\UnitTests\UnitTests.csproj", "{1CB1246B-C22D-4C5F-9D34-6CE3D9C427A0}"
EndProject
Global
	GlobalSection(SolutionConfigurationPlatforms) = preSolution
		Debug|Any CPU = Debug|Any CPU
		Release|Any CPU = Release|Any CPU
	EndGlobalSection
	GlobalSection(ProjectConfigurationPlatforms) = postSolution
		{5BD54FA0-EF98-43C4-889B-5CCAD8A72FB9}.Debug|Any CPU.ActiveCfg = Debug|Any CPU
		{5BD54FA0-EF98-43C4-889B-5CCAD8A72FB9}.Debug|Any CPU.Build.0 = Debug|Any CPU
		{5BD54FA0-EF98-43C4-889B-5CCAD8A72FB9}.Release|Any CPU.ActiveCfg = Release|Any CPU
		{5BD54FA0-EF98-43C4-889B-5CCAD8A72FB9}.Release|Any CPU.Build.0 = Release|Any CPU
		{4BA9E41F-4ACB-445F-A7B4-87DC11FC04AC}.Debug|Any CPU.ActiveCfg = Debug|Any CPU
		{4BA9E41F-4ACB-445F-A7B4-87DC11FC04AC}.Debug|Any CPU.Build.0 = Debug|Any CPU
		{4BA9E41F-4ACB-445F-A7B4-87DC11FC04AC}.Release|Any CPU.ActiveCfg = Release|Any CPU
		{4BA9E41F-4ACB-445F-A7B4-87DC11FC04AC}.Release|Any CPU.Build.0 = Release|Any CPU
		{9E86B269-D735-495A-808E-911DAB6A38A5}.Debug|Any CPU.ActiveCfg = Debug|Any CPU
		{9E86B269-D735-495A-808E-911DAB6A38A5}.Debug|Any CPU.Build.0 = Debug|Any CPU
		{9E86B269-D735-495A-808E-911DAB6A38A5}.Release|Any CPU.ActiveCfg = Release|Any CPU
		{9E86B269-D735-495A-808E-911DAB6A38A5}.Release|Any CPU.Build.0 = Release|Any CPU
		{261C7A4B-3FE6-4D30-8D9E-DF187701312F}.Debug|Any CPU.ActiveCfg = Debug|Any CPU
		{261C7A4B-3FE6-4D30-8D9E-DF187701312F}.Debug|Any CPU.Build.0 = Debug|Any CPU
		{261C7A4B-3FE6-4D30-8D9E-DF187701312F}.Release|Any CPU.ActiveCfg = Release|Any CPU
		{261C7A4B-3FE6-4D30-8D9E-DF187701312F}.Release|Any CPU.Build.0 = Release|Any CPU
		{773BD3F5-FFF7-4100-8F45-61781515C0FB}.Debug|Any CPU.ActiveCfg = Debug|Any CPU
		{773BD3F5-FFF7-4100-8F45-61781515C0FB}.Debug|Any CPU.Build.0 = Debug|Any CPU
		{773BD3F5-FFF7-4100-8F45-61781515C0FB}.Release|Any CPU.ActiveCfg = Release|Any CPU
		{773BD3F5-FFF7-4100-8F45-61781515C0FB}.Release|Any CPU.Build.0 = Release|Any CPU
		{6D67CCEA-282F-4159-BC73-04E2F7512B17}.Debug|Any CPU.ActiveCfg = Debug|Any CPU
		{6D67CCEA-282F-4159-BC73-04E2F7512B17}.Debug|Any CPU.Build.0 = Debug|Any CPU
		{6D67CCEA-282F-4159-BC73-04E2F7512B17}.Release|Any CPU.ActiveCfg = Release|Any CPU
		{6D67CCEA-282F-4159-BC73-04E2F7512B17}.Release|Any CPU.Build.0 = Release|Any CPU
		{2B46A025-BB23-4F14-AAD9-419987ECCCF7}.Debug|Any CPU.ActiveCfg = Debug|Any CPU
		{2B46A025-BB23-4F14-AAD9-419987ECCCF7}.Debug|Any CPU.Build.0 = Debug|Any CPU
		{2B46A025-BB23-4F14-AAD9-419987ECCCF7}.Release|Any CPU.ActiveCfg = Release|Any CPU
		{2B46A025-BB23-4F14-AAD9-419987ECCCF7}.Release|Any CPU.Build.0 = Release|Any CPU
		{D3701F6F-77A3-4572-B0D9-06B14B47A1F3}.Debug|Any CPU.ActiveCfg = Debug|Any CPU
		{D3701F6F-77A3-4572-B0D9-06B14B47A1F3}.Debug|Any CPU.Build.0 = Debug|Any CPU
		{D3701F6F-77A3-4572-B0D9-06B14B47A1F3}.Release|Any CPU.ActiveCfg = Release|Any CPU
		{D3701F6F-77A3-4572-B0D9-06B14B47A1F3}.Release|Any CPU.Build.0 = Release|Any CPU
		{BCB2334A-2ECC-4897-8A77-231448B1691A}.Debug|Any CPU.ActiveCfg = Debug|Any CPU
		{BCB2334A-2ECC-4897-8A77-231448B1691A}.Debug|Any CPU.Build.0 = Debug|Any CPU
		{BCB2334A-2ECC-4897-8A77-231448B1691A}.Release|Any CPU.ActiveCfg = Release|Any CPU
		{BCB2334A-2ECC-4897-8A77-231448B1691A}.Release|Any CPU.Build.0 = Release|Any CPU
		{FD7DB568-2026-4F22-B501-F9006DBD5490}.Debug|Any CPU.ActiveCfg = Debug|Any CPU
		{FD7DB568-2026-4F22-B501-F9006DBD5490}.Debug|Any CPU.Build.0 = Debug|Any CPU
		{FD7DB568-2026-4F22-B501-F9006DBD5490}.Release|Any CPU.ActiveCfg = Release|Any CPU
		{FD7DB568-2026-4F22-B501-F9006DBD5490}.Release|Any CPU.Build.0 = Release|Any CPU
		{1CB1246B-C22D-4C5F-9D34-6CE3D9C427A0}.Debug|Any CPU.ActiveCfg = Debug|Any CPU
		{1CB1246B-C22D-4C5F-9D34-6CE3D9C427A0}.Debug|Any CPU.Build.0 = Debug|Any CPU
		{1CB1246B-C22D-4C5F-9D34-6CE3D9C427A0}.Release|Any CPU.ActiveCfg = Release|Any CPU
		{1CB1246B-C22D-4C5F-9D34-6CE3D9C427A0}.Release|Any CPU.Build.0 = Release|Any CPU
	EndGlobalSection
	GlobalSection(SolutionProperties) = preSolution
		HideSolutionNode = FALSE
	EndGlobalSection
	GlobalSection(NestedProjects) = preSolution
		{FD7DB568-2026-4F22-B501-F9006DBD5490} = {B19BB4B1-F4B8-42B5-BBED-EFCC3969036A}
		{1CB1246B-C22D-4C5F-9D34-6CE3D9C427A0} = {B19BB4B1-F4B8-42B5-BBED-EFCC3969036A}
	EndGlobalSection
	GlobalSection(ExtensibilityGlobals) = postSolution
		SolutionGuid = {984EC034-A83D-4865-944D-0450868E9015}
	EndGlobalSection
EndGlobal
